<?xml version="1.0" encoding="utf-8"?>
<Project ToolsVersion="16.0" xmlns="http://schemas.microsoft.com/developer/msbuild/2003">
  <ItemGroup>
    <ClCompile Include="C:\Applications\VSCode\CPUEmu\mlmpmc-ring\demos\cpu_demo.cpp">
      <Filter>Source Files</Filter>
    </ClCompile>
  </ItemGroup>
  <ItemGroup>
    <CustomBuild Include="C:\Applications\VSCode\CPUEmu\mlmpmc-ring\CMakeLists.txt" />
  </ItemGroup>
  <ItemGroup>
    <Filter Include="Source Files">
      <UniqueIdentifier>{1663D303-FDAE-3AE2-8999-648A7E76785F}</UniqueIdentifier>
    </Filter>
  </ItemGroup>
</Project>
